# This file is automatically @generated by Cargo.
# It is not intended for manual editing.
version = 3

[[package]]
name = "assert-type-eq"
version = "0.1.0"
source = "registry+https://github.com/rust-lang/crates.io-index"
checksum = "fd49a41856ee21a0cfb2b1cfbfcca0f1d3e6c257c38939f0d6ecfaf177f2ea47"

[[package]]
name = "proc-macro2"
version = "1.0.87"
source = "registry+https://github.com/rust-lang/crates.io-index"
checksum = "b3e4daa0dcf6feba26f985457cdf104d4b4256fc5a09547140f3631bb076b19a"
dependencies = [
 "unicode-ident",
]

[[package]]
name = "quote"
version = "1.0.37"
source = "registry+https://github.com/rust-lang/crates.io-index"
checksum = "b5b9d34b8991d19d98081b46eacdd8eb58c6f2b201139f7c5f643cc155a633af"
dependencies = [
 "proc-macro2",
]

[[package]]
name = "rsc1p3_type_level_interfaces"
version = "0.1.0"
dependencies = [
 "assert-type-eq",
 "tl_list_lib",
 "tl_str_list",
 "tl_str_macro",
 "type_level",
]

[[package]]
name = "syn"
version = "2.0.79"
source = "registry+https://github.com/rust-lang/crates.io-index"
checksum = "89132cd0bf050864e1d38dc3bbc07a0eb8e7530af26344d3d2bbbef83499f590"
dependencies = [
 "proc-macro2",
 "quote",
 "unicode-ident",
]

[[package]]
name = "tl_list_lib"
version = "0.1.0"
dependencies = [
 "assert-type-eq",
 "type_level",
]

[[package]]
name = "tl_str_list"
version = "0.1.0"

[[package]]
name = "tl_str_macro"
version = "0.1.0"
dependencies = [
 "quote",
 "syn",
 "tl_str_list",
]

[[package]]
name = "type_level"
version = "0.1.0"

[[package]]
name = "unicode-ident"
version = "1.0.13"
source = "registry+https://github.com/rust-lang/crates.io-index"
checksum = "e91b56cd4cadaeb79bbf1a5645f6b4f8dc5bde8834ad5894a8db35fda9efa1fe"
